
Microsoft Visual Studio Solution File, Format Version 12.00
# Visual Studio Version 17
VisualStudioVersion = 17.10.34928.147
MinimumVisualStudioVersion = 10.0.40219.1
Project("{FAE04EC0-301F-11D3-BF4B-00C04F79EFBC}") = "Conditions", "Conditions\Conditions.csproj", "{472F8DEB-44DF-488C-961F-256E453294A8}"
EndProject
Global
	GlobalSection(SolutionConfigurationPlatforms) = preSolution
		Debug|Any CPU = Debug|Any CPU
		Release|Any CPU = Release|Any CPU
	EndGlobalSection
	GlobalSection(ProjectConfigurationPlatforms) = postSolution
		{472F8DEB-44DF-488C-961F-256E453294A8}.Debug|Any CPU.ActiveCfg = Debug|Any CPU
		{472F8DEB-44DF-488C-961F-256E453294A8}.Debug|Any CPU.Build.0 = Debug|Any CPU
		{472F8DEB-44DF-488C-961F-256E453294A8}.Release|Any CPU.ActiveCfg = Release|Any CPU
		{472F8DEB-44DF-488C-961F-256E453294A8}.Release|Any CPU.Build.0 = Release|Any CPU
	EndGlobalSection
	GlobalSection(SolutionProperties) = preSolution
		HideSolutionNode = FALSE
	EndGlobalSection
	GlobalSection(ExtensibilityGlobals) = postSolution
		SolutionGuid = {84E17DD5-2CF8-433D-B9A3-EFFBE4A5850E}
	EndGlobalSection
EndGlobal
